
Microsoft Visual Studio Solution File, Format Version 12.00
# Visual Studio 15
VisualStudioVersion = 15.0.27130.2026
MinimumVisualStudioVersion = 10.0.40219.1
Project("{FAE04EC0-301F-11D3-BF4B-00C04F79EFBC}") = "RoverTest", "RoverTest\RoverTest.csproj", "{AD3777C8-AEDC-4D09-894C-DD9942320541}"
EndProject
Project("{FAE04EC0-301F-11D3-BF4B-00C04F79EFBC}") = "RoverTest.Tests", "RoverTest.Tests\RoverTest.Tests.csproj", "{0BD3ED56-8267-4090-83C8-FE19774CDA30}"
EndProject
Global
	GlobalSection(SolutionConfigurationPlatforms) = preSolution
		Debug|Any CPU = Debug|Any CPU
		Release|Any CPU = Release|Any CPU
	EndGlobalSection
	GlobalSection(ProjectConfigurationPlatforms) = postSolution
		{AD3777C8-AEDC-4D09-894C-DD9942320541}.Debug|Any CPU.ActiveCfg = Debug|Any CPU
		{AD3777C8-AEDC-4D09-894C-DD9942320541}.Debug|Any CPU.Build.0 = Debug|Any CPU
		{AD3777C8-AEDC-4D09-894C-DD9942320541}.Release|Any CPU.ActiveCfg = Release|Any CPU
		{AD3777C8-AEDC-4D09-894C-DD9942320541}.Release|Any CPU.Build.0 = Release|Any CPU
		{0BD3ED56-8267-4090-83C8-FE19774CDA30}.Debug|Any CPU.ActiveCfg = Debug|Any CPU
		{0BD3ED56-8267-4090-83C8-FE19774CDA30}.Debug|Any CPU.Build.0 = Debug|Any CPU
		{0BD3ED56-8267-4090-83C8-FE19774CDA30}.Release|Any CPU.ActiveCfg = Release|Any CPU
		{0BD3ED56-8267-4090-83C8-FE19774CDA30}.Release|Any CPU.Build.0 = Release|Any CPU
	EndGlobalSection
	GlobalSection(SolutionProperties) = preSolution
		HideSolutionNode = FALSE
	EndGlobalSection
	GlobalSection(ExtensibilityGlobals) = postSolution
		SolutionGuid = {295004EC-ED65-42A5-BD32-BABFAE7A873A}
	EndGlobalSection
EndGlobal
